
Microsoft Visual Studio Solution File, Format Version 12.00
# Visual Studio Version 17
VisualStudioVersion = 17.3.32825.248
MinimumVisualStudioVersion = 10.0.40219.1
Project("{FAE04EC0-301F-11D3-BF4B-00C04F79EFBC}") = "52000868_Lab09", "52000868_Lab09\52000868_Lab09.csproj", "{9D39F1B3-1B5F-4669-A5BD-6711E98765F7}"
EndProject
Project("{FAE04EC0-301F-11D3-BF4B-00C04F79EFBC}") = "TestLab_09", "TestLab_09\TestLab_09.csproj", "{7DCD9BAA-549F-4DF0-94A5-6F1F0205B76B}"
EndProject
Global
	GlobalSection(SolutionConfigurationPlatforms) = preSolution
		Debug|Any CPU = Debug|Any CPU
		Release|Any CPU = Release|Any CPU
	EndGlobalSection
	GlobalSection(ProjectConfigurationPlatforms) = postSolution
		{9D39F1B3-1B5F-4669-A5BD-6711E98765F7}.Debug|Any CPU.ActiveCfg = Debug|Any CPU
		{9D39F1B3-1B5F-4669-A5BD-6711E98765F7}.Debug|Any CPU.Build.0 = Debug|Any CPU
		{9D39F1B3-1B5F-4669-A5BD-6711E98765F7}.Release|Any CPU.ActiveCfg = Release|Any CPU
		{9D39F1B3-1B5F-4669-A5BD-6711E98765F7}.Release|Any CPU.Build.0 = Release|Any CPU
		{7DCD9BAA-549F-4DF0-94A5-6F1F0205B76B}.Debug|Any CPU.ActiveCfg = Debug|Any CPU
		{7DCD9BAA-549F-4DF0-94A5-6F1F0205B76B}.Debug|Any CPU.Build.0 = Debug|Any CPU
		{7DCD9BAA-549F-4DF0-94A5-6F1F0205B76B}.Release|Any CPU.ActiveCfg = Release|Any CPU
		{7DCD9BAA-549F-4DF0-94A5-6F1F0205B76B}.Release|Any CPU.Build.0 = Release|Any CPU
	EndGlobalSection
	GlobalSection(SolutionProperties) = preSolution
		HideSolutionNode = FALSE
	EndGlobalSection
	GlobalSection(ExtensibilityGlobals) = postSolution
		SolutionGuid = {3F84D3C8-3FFD-4728-A35E-B0F5077E65BD}
	EndGlobalSection
EndGlobal
